{
  "name": "contracts",
  "version": "0.0.0",
  "lockfileVersion": 3,
  "requires": true,
  "packages": {
    "": {
      "name": "contracts",
      "version": "0.0.0",
      "license": "MIT",
      "dependencies": {
        "@latticexyz/cli": "2.0.11",
        "@latticexyz/gas-report": "^2.0.12",
        "@latticexyz/schema-type": "2.0.11",
        "@latticexyz/store": "2.0.11",
        "@latticexyz/world": "2.0.11",
        "@latticexyz/world-modules": "2.0.11",
        "@openzeppelin/contracts": "^5.0.2"
      },
      "devDependencies": {
        "@pythnetwork/entropy-sdk-solidity": "1.3.0",
        "@types/node": "^18.15.11",
        "ds-test": "https://github.com/dapphub/ds-test.git#e282159d5170298eb2455a6c05280ab5a73a4ef0",
        "forge-std": "https://github.com/foundry-rs/forge-std.git#74cfb77e308dd188d2f58864aaf44963ae6b88b1",
        "prettier": "3.2.5",
        "prettier-plugin-solidity": "1.3.1",
        "solhint": "^3.3.7",
        "solhint-config-mud": "2.0.11",
        "solhint-plugin-mud": "2.0.11"
      }
    },
    "../../node_modules/.pnpm/@latticexyz+cli@2.0.11/node_modules/@latticexyz/cli": {
      "version": "2.0.11",
      "license": "MIT",
      "dependencies": {
        "@aws-sdk/client-kms": "^3.556.0",
        "@ethersproject/abi": "^5.7.0",
        "@ethersproject/providers": "^5.7.2",
        "@latticexyz/abi-ts": "2.0.11",
        "@latticexyz/common": "2.0.11",
        "@latticexyz/config": "2.0.11",
        "@latticexyz/gas-report": "2.0.11",
        "@latticexyz/protocol-parser": "2.0.11",
        "@latticexyz/schema-type": "2.0.11",
        "@latticexyz/store": "2.0.11",
        "@latticexyz/utils": "2.0.11",
        "@latticexyz/world": "2.0.11",
        "abitype": "1.0.0",
        "asn1.js": "^5.4.1",
        "chalk": "^5.0.1",
        "chokidar": "^3.5.3",
        "debug": "^4.3.4",
        "dotenv": "^16.0.3",
        "ethers": "^5.7.2",
        "execa": "^7.0.0",
        "find-up": "^6.3.0",
        "glob": "^8.0.3",
        "openurl": "^1.1.1",
        "p-queue": "^7.4.1",
        "p-retry": "^5.1.2",
        "path": "^0.12.7",
        "rxjs": "7.5.5",
        "throttle-debounce": "^5.0.0",
        "toposort": "^2.0.2",
        "typescript": "5.4.2",
        "viem": "2.9.20",
        "yargs": "^17.7.1",
        "zod": "^3.22.2",
        "zod-validation-error": "^1.3.0"
      },
      "bin": {
        "mud": "dist/mud.js"
      },
      "devDependencies": {
        "@types/debug": "^4.1.7",
        "@types/ejs": "^3.1.1",
        "@types/glob": "^7.2.0",
        "@types/node": "^18.15.11",
        "@types/openurl": "^1.0.0",
        "@types/throttle-debounce": "^5.0.0",
        "@types/toposort": "^2.0.6",
        "@types/yargs": "^17.0.10",
        "ds-test": "https://github.com/dapphub/ds-test.git#e282159d5170298eb2455a6c05280ab5a73a4ef0",
        "forge-std": "https://github.com/foundry-rs/forge-std.git#74cfb77e308dd188d2f58864aaf44963ae6b88b1",
        "tsup": "^6.7.0",
        "tsx": "^3.12.6",
        "vitest": "0.34.6"
      }
    },
    "../../node_modules/.pnpm/@latticexyz+gas-report@2.0.12/node_modules/@latticexyz/gas-report": {
      "version": "2.0.12",
      "license": "MIT",
      "dependencies": {
        "chalk": "^5.3.0",
        "dotenv": "^16.0.3",
        "execa": "^7.0.0",
        "stream-to-array": "^2.3.0",
        "strip-ansi": "^7.1.0",
        "table": "^6.8.1",
        "yargs": "^17.7.1"
      },
      "bin": {
        "gas-report": "dist/gas-report.js"
      },
      "devDependencies": {
        "@types/node": "^18.15.11",
        "@types/stream-to-array": "^2.3.1",
        "@types/yargs": "^17.0.10",
        "ds-test": "https://github.com/dapphub/ds-test.git#e282159d5170298eb2455a6c05280ab5a73a4ef0",
        "forge-std": "https://github.com/foundry-rs/forge-std.git#74cfb77e308dd188d2f58864aaf44963ae6b88b1",
        "tsup": "^6.7.0",
        "vitest": "0.34.6"
      }
    },
    "../../node_modules/.pnpm/@latticexyz+schema-type@2.0.11_typescript@5.3.3_zod@3.23.8/node_modules/@latticexyz/schema-type": {
      "version": "2.0.11",
      "license": "MIT",
      "dependencies": {
        "abitype": "1.0.0",
        "viem": "2.9.20"
      },
      "devDependencies": {
        "@latticexyz/gas-report": "2.0.11",
        "ds-test": "https://github.com/dapphub/ds-test.git#e282159d5170298eb2455a6c05280ab5a73a4ef0",
        "forge-std": "https://github.com/foundry-rs/forge-std.git#74cfb77e308dd188d2f58864aaf44963ae6b88b1",
        "tsup": "^6.7.0",
        "vitest": "0.34.6"
      }
    },
    "../../node_modules/.pnpm/@latticexyz+store@2.0.11_typescript@5.3.3/node_modules/@latticexyz/store": {
      "version": "2.0.11",
      "license": "MIT",
      "dependencies": {
        "@arktype/util": "0.0.29",
        "@latticexyz/common": "2.0.11",
        "@latticexyz/config": "2.0.11",
        "@latticexyz/protocol-parser": "2.0.11",
        "@latticexyz/schema-type": "2.0.11",
        "abitype": "1.0.0",
        "arktype": "1.0.29-alpha",
        "viem": "2.9.20",
        "zod": "^3.22.2"
      },
      "devDependencies": {
        "@latticexyz/abi-ts": "2.0.11",
        "@latticexyz/gas-report": "2.0.11",
        "@types/ejs": "^3.1.1",
        "@types/mocha": "^9.1.1",
        "@types/node": "^18.15.11",
        "ds-test": "https://github.com/dapphub/ds-test.git#e282159d5170298eb2455a6c05280ab5a73a4ef0",
        "forge-std": "https://github.com/foundry-rs/forge-std.git#74cfb77e308dd188d2f58864aaf44963ae6b88b1",
        "solhint": "^3.3.7",
        "tsup": "^6.7.0",
        "tsx": "^3.12.6",
        "vitest": "0.34.6"
      }
    },
    "../../node_modules/.pnpm/@latticexyz+world-modules@2.0.11_typescript@5.3.3/node_modules/@latticexyz/world-modules": {
      "version": "2.0.11",
      "license": "MIT",
      "dependencies": {
        "@latticexyz/common": "2.0.11",
        "@latticexyz/config": "2.0.11",
        "@latticexyz/schema-type": "2.0.11",
        "@latticexyz/store": "2.0.11",
        "@latticexyz/world": "2.0.11",
        "zod": "^3.22.2"
      },
      "devDependencies": {
        "@latticexyz/abi-ts": "2.0.11",
        "@latticexyz/gas-report": "2.0.11",
        "@types/ejs": "^3.1.1",
        "@types/glob": "^7.2.0",
        "@types/mocha": "^9.1.1",
        "@types/node": "^18.15.11",
        "ds-test": "https://github.com/dapphub/ds-test.git#e282159d5170298eb2455a6c05280ab5a73a4ef0",
        "forge-std": "https://github.com/foundry-rs/forge-std.git#74cfb77e308dd188d2f58864aaf44963ae6b88b1",
        "glob": "^8.0.3",
        "solhint": "^3.3.7",
        "tsup": "^6.7.0",
        "tsx": "^3.12.6",
        "vitest": "0.34.6"
      }
    },
    "../../node_modules/.pnpm/@latticexyz+world@2.0.11_typescript@5.3.3/node_modules/@latticexyz/world": {
      "version": "2.0.11",
      "license": "MIT",
      "dependencies": {
        "@arktype/util": "0.0.29",
        "@latticexyz/common": "2.0.11",
        "@latticexyz/config": "2.0.11",
        "@latticexyz/protocol-parser": "2.0.11",
        "@latticexyz/schema-type": "2.0.11",
        "@latticexyz/store": "2.0.11",
        "abitype": "1.0.0",
        "arktype": "1.0.29-alpha",
        "viem": "2.9.20",
        "zod": "^3.22.2"
      },
      "devDependencies": {
        "@latticexyz/abi-ts": "2.0.11",
        "@latticexyz/gas-report": "2.0.11",
        "@types/ejs": "^3.1.1",
        "@types/glob": "^7.2.0",
        "@types/mocha": "^9.1.1",
        "@types/node": "^18.15.11",
        "ds-test": "https://github.com/dapphub/ds-test.git#e282159d5170298eb2455a6c05280ab5a73a4ef0",
        "ejs": "^3.1.10",
        "forge-std": "https://github.com/foundry-rs/forge-std.git#74cfb77e308dd188d2f58864aaf44963ae6b88b1",
        "glob": "^8.0.3",
        "solhint": "^3.3.7",
        "tsup": "^6.7.0",
        "tsx": "^3.12.6",
        "vitest": "0.34.6"
      }
    },
    "../../node_modules/.pnpm/@pythnetwork+entropy-sdk-solidity@1.3.0/node_modules/@pythnetwork/entropy-sdk-solidity": {
      "version": "1.3.0",
      "dev": true,
      "license": "Apache-2.0",
      "devDependencies": {
        "abi_generator": "*",
        "prettier": "^2.7.1",
        "prettier-plugin-solidity": "^1.0.0-rc.1"
      }
    },
    "../../node_modules/.pnpm/@types+node@18.19.33/node_modules/@types/node": {
      "version": "18.19.33",
      "dev": true,
      "license": "MIT",
      "dependencies": {
        "undici-types": "~5.26.4"
      }
    },
    "../../node_modules/.pnpm/prettier-plugin-solidity@1.3.1_prettier@3.2.5/node_modules/prettier-plugin-solidity": {
      "version": "1.3.1",
      "dev": true,
      "license": "MIT",
      "dependencies": {
        "@solidity-parser/parser": "^0.17.0",
        "semver": "^7.5.4",
        "solidity-comments-extractor": "^0.0.8"
      },
      "devDependencies": {
        "@babel/code-frame": "^7.22.10",
        "c8": "^8.0.1",
        "cross-env": "^7.0.3",
        "eslint": "^8.47.0",
        "eslint-config-airbnb-base": "^15.0.0",
        "eslint-config-prettier": "^9.0.0",
        "eslint-plugin-import": "^2.28.1",
        "esm-utils": "^4.1.2",
        "esmock": "^2.3.8",
        "exports-loader": "^4.0.0",
        "jest": "^29.6.3",
        "jest-light-runner": "^0.6.0",
        "jest-snapshot-serializer-ansi": "^2.1.0",
        "jest-snapshot-serializer-raw": "^2.0.0",
        "jest-watch-typeahead": "^2.2.2",
        "lines-and-columns": "^2.0.3",
        "prettier": "^3.1.1",
        "proxyquire": "^2.1.3",
        "solc": "^0.8.23-fixed",
        "webpack": "^5.88.2",
        "webpack-cli": "^5.1.4"
      },
      "engines": {
        "node": ">=16"
      },
      "peerDependencies": {
        "prettier": ">=2.3.0"
      }
    },
    "../../node_modules/.pnpm/prettier@3.2.5/node_modules/prettier": {
      "version": "3.2.5",
      "dev": true,
      "license": "MIT",
      "bin": {
        "prettier": "bin/prettier.cjs"
      },
      "engines": {
        "node": ">=14"
      },
      "funding": {
        "url": "https://github.com/prettier/prettier?sponsor=1"
      }
    },
    "../../node_modules/.pnpm/solhint-config-mud@2.0.11/node_modules/solhint-config-mud": {
      "version": "2.0.11",
      "dev": true,
      "license": "MIT",
      "devDependencies": {
        "tsup": "^6.7.0"
      }
    },
    "../../node_modules/.pnpm/solhint-plugin-mud@2.0.11/node_modules/solhint-plugin-mud": {
      "version": "2.0.11",
      "dev": true,
      "license": "MIT",
      "dependencies": {
        "@solidity-parser/parser": "^0.16.0"
      },
      "devDependencies": {
        "@types/node": "^18.15.11",
        "tsup": "^6.7.0"
      }
    },
    "../../node_modules/.pnpm/solhint@3.6.2_typescript@5.3.3/node_modules/solhint": {
      "version": "3.6.2",
      "dev": true,
      "license": "MIT",
      "dependencies": {
        "@solidity-parser/parser": "^0.16.0",
        "ajv": "^6.12.6",
        "antlr4": "^4.11.0",
        "ast-parents": "^0.0.1",
        "chalk": "^4.1.2",
        "commander": "^10.0.0",
        "cosmiconfig": "^8.0.0",
        "fast-diff": "^1.2.0",
        "glob": "^8.0.3",
        "ignore": "^5.2.4",
        "js-yaml": "^4.1.0",
        "lodash": "^4.17.21",
        "pluralize": "^8.0.0",
        "semver": "^7.5.2",
        "strip-ansi": "^6.0.1",
        "table": "^6.8.1",
        "text-table": "^0.2.0"
      },
      "bin": {
        "solhint": "solhint.js"
      },
      "devDependencies": {
        "assert": "^2.0.0",
        "coveralls": "^3.1.1",
        "eslint": "^8.31.0",
        "eslint-config-airbnb-base": "^15.0.0",
        "eslint-config-prettier": "^8.6.0",
        "eslint-plugin-import": "^2.27.4",
        "eslint-plugin-prettier": "^4.2.1",
        "husky": "^8.0.3",
        "markdown-table": "^2.0.0",
        "mocha": "^10.2.0",
        "mocha-lcov-reporter": "^1.3.0",
        "nyc": "^15.1.0",
        "shelljs": "^0.8.5"
      },
      "optionalDependencies": {
        "prettier": "^2.8.3"
      }
    },
    "node_modules/@latticexyz/cli": {
      "resolved": "../../node_modules/.pnpm/@latticexyz+cli@2.0.11/node_modules/@latticexyz/cli",
      "link": true
    },
    "node_modules/@latticexyz/gas-report": {
      "resolved": "../../node_modules/.pnpm/@latticexyz+gas-report@2.0.12/node_modules/@latticexyz/gas-report",
      "link": true
    },
    "node_modules/@latticexyz/schema-type": {
      "resolved": "../../node_modules/.pnpm/@latticexyz+schema-type@2.0.11_typescript@5.3.3_zod@3.23.8/node_modules/@latticexyz/schema-type",
      "link": true
    },
    "node_modules/@latticexyz/store": {
      "resolved": "../../node_modules/.pnpm/@latticexyz+store@2.0.11_typescript@5.3.3/node_modules/@latticexyz/store",
      "link": true
    },
    "node_modules/@latticexyz/world": {
      "resolved": "../../node_modules/.pnpm/@latticexyz+world@2.0.11_typescript@5.3.3/node_modules/@latticexyz/world",
      "link": true
    },
    "node_modules/@latticexyz/world-modules": {
      "resolved": "../../node_modules/.pnpm/@latticexyz+world-modules@2.0.11_typescript@5.3.3/node_modules/@latticexyz/world-modules",
      "link": true
    },
    "node_modules/@openzeppelin/contracts": {
      "version": "5.0.2",
      "resolved": "https://registry.npmjs.org/@openzeppelin/contracts/-/contracts-5.0.2.tgz",
      "integrity": "sha512-ytPc6eLGcHHnapAZ9S+5qsdomhjo6QBHTDRRBFfTxXIpsicMhVPouPgmUPebZZZGX7vt9USA+Z+0M0dSVtSUEA=="
    },
    "node_modules/@pythnetwork/entropy-sdk-solidity": {
      "resolved": "../../node_modules/.pnpm/@pythnetwork+entropy-sdk-solidity@1.3.0/node_modules/@pythnetwork/entropy-sdk-solidity",
      "link": true
    },
    "node_modules/@types/node": {
      "resolved": "../../node_modules/.pnpm/@types+node@18.19.33/node_modules/@types/node",
      "link": true
    },
    "node_modules/ds-test": {
      "version": "1.0.0",
      "resolved": "git+ssh://git@github.com/dapphub/ds-test.git#e282159d5170298eb2455a6c05280ab5a73a4ef0",
      "integrity": "sha512-Bz9R2iT9r7vxOcC1JAx96j8FT274zhTtPwWF2kOR+B6HDi46qYaZS8zboCaEaCw3QokBUAL/je/5zQnrQU6mWg==",
      "dev": true
    },
    "node_modules/forge-std": {
      "version": "1.6.0",
      "resolved": "git+ssh://git@github.com/foundry-rs/forge-std.git#74cfb77e308dd188d2f58864aaf44963ae6b88b1",
      "integrity": "sha512-ftYAKIIbRu1XzOAQ42yrHuk64191D2cJwofJ0y73nGieqVXOVUnlLpNwQPOQ7CpL7kwqh5AilV69q+EDbQg/2A==",
      "dev": true
    },
    "node_modules/prettier": {
      "resolved": "../../node_modules/.pnpm/prettier@3.2.5/node_modules/prettier",
      "link": true
    },
    "node_modules/prettier-plugin-solidity": {
      "resolved": "../../node_modules/.pnpm/prettier-plugin-solidity@1.3.1_prettier@3.2.5/node_modules/prettier-plugin-solidity",
      "link": true
    },
    "node_modules/solhint": {
      "resolved": "../../node_modules/.pnpm/solhint@3.6.2_typescript@5.3.3/node_modules/solhint",
      "link": true
    },
    "node_modules/solhint-config-mud": {
      "resolved": "../../node_modules/.pnpm/solhint-config-mud@2.0.11/node_modules/solhint-config-mud",
      "link": true
    },
    "node_modules/solhint-plugin-mud": {
      "resolved": "../../node_modules/.pnpm/solhint-plugin-mud@2.0.11/node_modules/solhint-plugin-mud",
      "link": true
    }
  }
}
